
Microsoft Visual Studio Solution File, Format Version 12.00
# Visual Studio Version 17
VisualStudioVersion = 17.4.33122.133
MinimumVisualStudioVersion = 10.0.40219.1
Project("{FAE04EC0-301F-11D3-BF4B-00C04F79EFBC}") = "3_CustomerBalance", "3_CustomerBalance\3_CustomerBalance.csproj", "{A24B653A-9FDF-4273-84CC-53EEC6066FBD}"
EndProject
Global
	GlobalSection(SolutionConfigurationPlatforms) = preSolution
		Debug|Any CPU = Debug|Any CPU
		Release|Any CPU = Release|Any CPU
	EndGlobalSection
	GlobalSection(ProjectConfigurationPlatforms) = postSolution
		{A24B653A-9FDF-4273-84CC-53EEC6066FBD}.Debug|Any CPU.ActiveCfg = Debug|Any CPU
		{A24B653A-9FDF-4273-84CC-53EEC6066FBD}.Debug|Any CPU.Build.0 = Debug|Any CPU
		{A24B653A-9FDF-4273-84CC-53EEC6066FBD}.Release|Any CPU.ActiveCfg = Release|Any CPU
		{A24B653A-9FDF-4273-84CC-53EEC6066FBD}.Release|Any CPU.Build.0 = Release|Any CPU
	EndGlobalSection
	GlobalSection(SolutionProperties) = preSolution
		HideSolutionNode = FALSE
	EndGlobalSection
	GlobalSection(ExtensibilityGlobals) = postSolution
		SolutionGuid = {7E4D192D-9152-4A24-84E4-777C1F99CF4D}
	EndGlobalSection
EndGlobal
